<?xml version="1.0" encoding="utf-8"?>
<Project ToolsVersion="4.0" xmlns="http://schemas.microsoft.com/developer/msbuild/2003">
  <ItemGroup>
    <Filter Include="win32">
      <UniqueIdentifier>{84a8ebd7-7cf0-47f6-b75e-d441df67da40}</UniqueIdentifier>
    </Filter>
    <Filter Include="resource">
      <UniqueIdentifier>{715254bc-d70b-4ec5-bf29-467dd3ace079}</UniqueIdentifier>
    </Filter>
    <Filter Include="src">
      <UniqueIdentifier>{bb6c862e-70e9-49d9-81b7-3829a6f50471}</UniqueIdentifier>
    </Filter>
    <Filter Include="src\scenes">
      <UniqueIdentifier>{dfb1943f-62ad-49bb-907a-410e0fab8b7b}</UniqueIdentifier>
    </Filter>
    <Filter Include="src\scenes\loading_scene">
      <UniqueIdentifier>{437c64f8-c209-4de9-8433-bf8e06c755dd}</UniqueIdentifier>
    </Filter>
    <Filter Include="src\include">
      <UniqueIdentifier>{f613aa32-2fa5-4a51-bf20-288f67d84678}</UniqueIdentifier>
    </Filter>
    <Filter Include="src\common">
      <UniqueIdentifier>{c9e5c9ec-124f-4d96-87d0-1ac2328f52b4}</UniqueIdentifier>
    </Filter>
    <Filter Include="src\define">
      <UniqueIdentifier>{b9737b0b-2764-48fc-981a-90d49a17cb1b}</UniqueIdentifier>
    </Filter>
    <Filter Include="src\scenes\title_scene">
      <UniqueIdentifier>{1d60db59-22b6-4798-8ad6-6fee082159e6}</UniqueIdentifier>
    </Filter>
    <Filter Include="src\components">
      <UniqueIdentifier>{6e7c3a45-a6f6-4b1d-a506-3c3f27791012}</UniqueIdentifier>
    </Filter>
    <Filter Include="src\data">
      <UniqueIdentifier>{5ede0427-11ef-4341-9627-7b19210799de}</UniqueIdentifier>
    </Filter>
    <Filter Include="src\include\rapidjson">
      <UniqueIdentifier>{9f3a4906-f8a8-48b0-9291-1f01921bc5bb}</UniqueIdentifier>
    </Filter>
    <Filter Include="src\include\rapidjson\error">
      <UniqueIdentifier>{b63519b3-e151-4c99-adde-5849d9b823c3}</UniqueIdentifier>
    </Filter>
    <Filter Include="src\include\rapidjson\internal">
      <UniqueIdentifier>{5bf66510-7f2a-44cd-8877-58eb2010d1d4}</UniqueIdentifier>
    </Filter>
    <Filter Include="src\include\rapidjson\msinttypes">
      <UniqueIdentifier>{36a66609-59ce-4d70-b789-4b14262614f6}</UniqueIdentifier>
    </Filter>
    <Filter Include="src\common\event">
      <UniqueIdentifier>{8fd5af67-a4a2-411a-a6af-02bcfa7a8573}</UniqueIdentifier>
    </Filter>
    <Filter Include="src\scenes\battle_scene">
      <UniqueIdentifier>{3b48d436-170d-421b-8662-1ef8e99bc5b8}</UniqueIdentifier>
    </Filter>
    <Filter Include="src\scenes\battle_scene\game">
      <UniqueIdentifier>{e3e21d31-812a-4d4a-8194-a5692d778ef7}</UniqueIdentifier>
    </Filter>
    <Filter Include="src\scenes\battle_scene\game\game_state">
      <UniqueIdentifier>{9e2ec8d3-2c8d-4e85-a37f-d530c501b7a4}</UniqueIdentifier>
    </Filter>
    <Filter Include="src\scenes\battle_scene\game\game_state\card">
      <UniqueIdentifier>{a6b80ef1-e44c-4c38-8bf2-a50d49555817}</UniqueIdentifier>
    </Filter>
    <Filter Include="src\base_classes">
      <UniqueIdentifier>{21bc435a-dd64-4860-97a9-bf25782428a4}</UniqueIdentifier>
    </Filter>
    <Filter Include="src\base_classes\events_handler">
      <UniqueIdentifier>{5334c57f-5b54-43c4-8360-d81b08151f47}</UniqueIdentifier>
    </Filter>
    <Filter Include="src\scenes\battle_scene\scene_actions">
      <UniqueIdentifier>{81b3e4c9-b645-4e4c-9c90-1c1086800409}</UniqueIdentifier>
    </Filter>
    <Filter Include="src\scenes\battle_scene\game\game_actions">
      <UniqueIdentifier>{9533839f-9100-4a27-b8d1-5445692928e4}</UniqueIdentifier>
    </Filter>
    <Filter Include="src\scenes\battle_scene\define">
      <UniqueIdentifier>{22f4c4cb-211b-4fe1-8bed-d15fbe3d4d72}</UniqueIdentifier>
    </Filter>
    <Filter Include="src\scenes\battle_scene\game\player_actions">
      <UniqueIdentifier>{3b13854c-9d82-46ef-9ef1-78af1565a29c}</UniqueIdentifier>
    </Filter>
  </ItemGroup>
  <ItemGroup>
    <ClCompile Include="main.cpp">
      <Filter>win32</Filter>
    </ClCompile>
    <ClCompile Include="..\Classes\AppDelegate.cpp">
      <Filter>src</Filter>
    </ClCompile>
    <ClCompile Include="..\Classes\HelloWorldScene.cpp">
      <Filter>src</Filter>
    </ClCompile>
    <ClCompile Include="..\Classes\GameManager.cpp">
      <Filter>src</Filter>
    </ClCompile>
    <ClCompile Include="..\Classes\scenes\loading_scene\LoadingScene.cpp">
      <Filter>src\scenes\loading_scene</Filter>
    </ClCompile>
    <ClCompile Include="..\Classes\common\ResourceLoader.cpp">
      <Filter>src\common</Filter>
    </ClCompile>
    <ClCompile Include="..\Classes\scenes\title_scene\TitleScene.cpp">
      <Filter>src\scenes\title_scene</Filter>
    </ClCompile>
    <ClCompile Include="..\Classes\common\ResourcePool.cpp">
      <Filter>src\common</Filter>
    </ClCompile>
    <ClCompile Include="..\Classes\components\ComponentDictionary.cpp">
      <Filter>src\components</Filter>
    </ClCompile>
    <ClCompile Include="..\Classes\components\GamePoolComponent.cpp">
      <Filter>src\components</Filter>
    </ClCompile>
    <ClCompile Include="..\Classes\components\MyComponent.cpp">
      <Filter>src\components</Filter>
    </ClCompile>
    <ClCompile Include="..\Classes\common\LangSys.cpp">
      <Filter>src\common</Filter>
    </ClCompile>
    <ClCompile Include="..\Classes\components\WidgetTouchComponent.cpp">
      <Filter>src\components</Filter>
    </ClCompile>
    <ClCompile Include="..\Classes\components\ChildMapComponent.cpp">
      <Filter>src\components</Filter>
    </ClCompile>
    <ClCompile Include="..\Classes\common\Utilize.cpp">
      <Filter>src\common</Filter>
    </ClCompile>
    <ClCompile Include="..\Classes\data\PlayerData.cpp">
      <Filter>src\data</Filter>
    </ClCompile>
    <ClCompile Include="..\Classes\common\DataManager.cpp">
      <Filter>src\common</Filter>
    </ClCompile>
    <ClCompile Include="..\Classes\data\CardData.cpp">
      <Filter>src\data</Filter>
    </ClCompile>
    <ClCompile Include="..\Classes\components\SpriteAnimatorComponent.cpp">
      <Filter>src\components</Filter>
    </ClCompile>
    <ClCompile Include="..\Classes\data\MoveData.cpp">
      <Filter>src\data</Filter>
    </ClCompile>
    <ClCompile Include="..\Classes\common\event\EventManager.cpp">
      <Filter>src\common\event</Filter>
    </ClCompile>
    <ClCompile Include="..\Classes\common\event\EventHandler.cpp">
      <Filter>src\common\event</Filter>
    </ClCompile>
    <ClCompile Include="..\Classes\common\event\EventHandlerVec.cpp">
      <Filter>src\common\event</Filter>
    </ClCompile>
    <ClCompile Include="..\Classes\common\event\MEvent.cpp">
      <Filter>src\common\event</Filter>
    </ClCompile>
    <ClCompile Include="..\Classes\scenes\battle_scene_3\game\game_state\Deck.cpp">
      <Filter>src\scenes\battle_scene\game\game_state</Filter>
    </ClCompile>
    <ClCompile Include="..\Classes\scenes\battle_scene_3\game\game_state\GameState.cpp">
      <Filter>src\scenes\battle_scene\game\game_state</Filter>
    </ClCompile>
    <ClCompile Include="..\Classes\scenes\battle_scene_3\game\game_state\Hand.cpp">
      <Filter>src\scenes\battle_scene\game\game_state</Filter>
    </ClCompile>
    <ClCompile Include="..\Classes\scenes\battle_scene_3\game\game_state\card\Card.cpp">
      <Filter>src\scenes\battle_scene\game\game_state\card</Filter>
    </ClCompile>
    <ClCompile Include="..\Classes\scenes\battle_scene_3\game\game_state\card\EnergyCard.cpp">
      <Filter>src\scenes\battle_scene\game\game_state\card</Filter>
    </ClCompile>
    <ClCompile Include="..\Classes\scenes\battle_scene_3\game\game_state\card\PetCard.cpp">
      <Filter>src\scenes\battle_scene\game\game_state\card</Filter>
    </ClCompile>
    <ClCompile Include="..\Classes\scenes\battle_scene_3\game\game_state\Board.cpp">
      <Filter>src\scenes\battle_scene\game\game_state</Filter>
    </ClCompile>
    <ClCompile Include="..\Classes\scenes\battle_scene_3\game\game_state\Holder.cpp">
      <Filter>src\scenes\battle_scene\game\game_state</Filter>
    </ClCompile>
    <ClCompile Include="..\Classes\scenes\battle_scene_3\BSDefine.cpp">
      <Filter>src\scenes\battle_scene</Filter>
    </ClCompile>
    <ClCompile Include="..\Classes\scenes\battle_scene_3\game\BattleMaster.cpp">
      <Filter>src\scenes\battle_scene\game</Filter>
    </ClCompile>
    <ClCompile Include="..\Classes\scenes\battle_scene_3\game\GameDefine.cpp">
      <Filter>src\scenes\battle_scene\game</Filter>
    </ClCompile>
    <ClCompile Include="..\Classes\scenes\battle_scene_3\BattleScene.cpp">
      <Filter>src\scenes\battle_scene</Filter>
    </ClCompile>
    <ClCompile Include="..\Classes\scenes\battle_scene_3\BSHand.cpp">
      <Filter>src\scenes\battle_scene</Filter>
    </ClCompile>
    <ClCompile Include="..\Classes\scenes\battle_scene_3\scene_actions\BSAction.cpp">
      <Filter>src\scenes\battle_scene\scene_actions</Filter>
    </ClCompile>
    <ClCompile Include="..\Classes\base_classes\EventsHandler\IEventsHandler.cpp">
      <Filter>src\base_classes\events_handler</Filter>
    </ClCompile>
    <ClCompile Include="..\Classes\scenes\battle_scene_3\BSCard.cpp">
      <Filter>src\scenes\battle_scene</Filter>
    </ClCompile>
    <ClCompile Include="..\Classes\scenes\battle_scene_3\scene_actions\BSActor.cpp">
      <Filter>src\scenes\battle_scene\scene_actions</Filter>
    </ClCompile>
    <ClCompile Include="..\Classes\scenes\battle_scene_3\game\game_actions\GameAction.cpp">
      <Filter>src\scenes\battle_scene\game\game_actions</Filter>
    </ClCompile>
    <ClCompile Include="..\Classes\scenes\battle_scene_3\game\game_state\Player.cpp">
      <Filter>src\scenes\battle_scene\game\game_state</Filter>
    </ClCompile>
    <ClCompile Include="..\Classes\scenes\battle_scene_3\define\ErrorDefine.cpp">
      <Filter>src\scenes\battle_scene\define</Filter>
    </ClCompile>
    <ClCompile Include="..\Classes\scenes\battle_scene_3\game\player_actions\PlayerAction.cpp">
      <Filter>src\scenes\battle_scene\game\player_actions</Filter>
    </ClCompile>
    <ClCompile Include="..\Classes\scenes\battle_scene_3\BSDeck.cpp">
      <Filter>src\scenes\battle_scene</Filter>
    </ClCompile>
    <ClCompile Include="..\Classes\scenes\battle_scene_3\BSResources.cpp">
      <Filter>src\scenes\battle_scene</Filter>
    </ClCompile>
    <ClCompile Include="..\Classes\scenes\battle_scene_3\game\game_state\DiscardPile.cpp">
      <Filter>src\scenes\battle_scene\game\game_state</Filter>
    </ClCompile>
    <ClCompile Include="..\Classes\scenes\battle_scene_3\game\game_state\PrizePile.cpp">
      <Filter>src\scenes\battle_scene\game\game_state</Filter>
    </ClCompile>
    <ClCompile Include="..\Classes\scenes\battle_scene_3\BSNotifier.cpp">
      <Filter>src\scenes\battle_scene</Filter>
    </ClCompile>
  </ItemGroup>
  <ItemGroup>
    <ClInclude Include="main.h">
      <Filter>win32</Filter>
    </ClInclude>
    <ClInclude Include="..\Classes\AppDelegate.h">
      <Filter>src</Filter>
    </ClInclude>
    <ClInclude Include="..\Classes\HelloWorldScene.h">
      <Filter>src</Filter>
    </ClInclude>
    <ClInclude Include="..\Classes\GameManager.h">
      <Filter>src</Filter>
    </ClInclude>
    <ClInclude Include="..\Classes\scenes\loading_scene\LoadingScene.h">
      <Filter>src\scenes\loading_scene</Filter>
    </ClInclude>
    <ClInclude Include="..\Classes\include\rapidjson\error\en.h">
      <Filter>src\include\rapidjson\error</Filter>
    </ClInclude>
    <ClInclude Include="..\Classes\include\rapidjson\error\error.h">
      <Filter>src\include\rapidjson\error</Filter>
    </ClInclude>
    <ClInclude Include="..\Classes\include\rapidjson\internal\biginteger.h">
      <Filter>src\include\rapidjson\internal</Filter>
    </ClInclude>
    <ClInclude Include="..\Classes\include\rapidjson\internal\clzll.h">
      <Filter>src\include\rapidjson\internal</Filter>
    </ClInclude>
    <ClInclude Include="..\Classes\include\rapidjson\internal\diyfp.h">
      <Filter>src\include\rapidjson\internal</Filter>
    </ClInclude>
    <ClInclude Include="..\Classes\include\rapidjson\internal\dtoa.h">
      <Filter>src\include\rapidjson\internal</Filter>
    </ClInclude>
    <ClInclude Include="..\Classes\include\rapidjson\internal\ieee754.h">
      <Filter>src\include\rapidjson\internal</Filter>
    </ClInclude>
    <ClInclude Include="..\Classes\include\rapidjson\internal\itoa.h">
      <Filter>src\include\rapidjson\internal</Filter>
    </ClInclude>
    <ClInclude Include="..\Classes\include\rapidjson\internal\meta.h">
      <Filter>src\include\rapidjson\internal</Filter>
    </ClInclude>
    <ClInclude Include="..\Classes\include\rapidjson\internal\pow10.h">
      <Filter>src\include\rapidjson\internal</Filter>
    </ClInclude>
    <ClInclude Include="..\Classes\include\rapidjson\internal\regex.h">
      <Filter>src\include\rapidjson\internal</Filter>
    </ClInclude>
    <ClInclude Include="..\Classes\include\rapidjson\internal\stack.h">
      <Filter>src\include\rapidjson\internal</Filter>
    </ClInclude>
    <ClInclude Include="..\Classes\include\rapidjson\internal\strfunc.h">
      <Filter>src\include\rapidjson\internal</Filter>
    </ClInclude>
    <ClInclude Include="..\Classes\include\rapidjson\internal\strtod.h">
      <Filter>src\include\rapidjson\internal</Filter>
    </ClInclude>
    <ClInclude Include="..\Classes\include\rapidjson\internal\swap.h">
      <Filter>src\include\rapidjson\internal</Filter>
    </ClInclude>
    <ClInclude Include="..\Classes\include\rapidjson\msinttypes\inttypes.h">
      <Filter>src\include\rapidjson\msinttypes</Filter>
    </ClInclude>
    <ClInclude Include="..\Classes\include\rapidjson\msinttypes\stdint.h">
      <Filter>src\include\rapidjson\msinttypes</Filter>
    </ClInclude>
    <ClInclude Include="..\Classes\common\ResourceLoader.h">
      <Filter>src\common</Filter>
    </ClInclude>
    <ClInclude Include="..\Classes\define\CommonDefine.h">
      <Filter>src\define</Filter>
    </ClInclude>
    <ClInclude Include="..\Classes\scenes\title_scene\TitleScene.h">
      <Filter>src\scenes\title_scene</Filter>
    </ClInclude>
    <ClInclude Include="..\Classes\common\ResourcePool.h">
      <Filter>src\common</Filter>
    </ClInclude>
    <ClInclude Include="..\Classes\components\ComponentDictionary.h">
      <Filter>src\components</Filter>
    </ClInclude>
    <ClInclude Include="..\Classes\components\GamePoolComponent.h">
      <Filter>src\components</Filter>
    </ClInclude>
    <ClInclude Include="..\Classes\components\MyComponent.h">
      <Filter>src\components</Filter>
    </ClInclude>
    <ClInclude Include="..\Classes\common\LangSys.h">
      <Filter>src\common</Filter>
    </ClInclude>
    <ClInclude Include="..\Classes\components\WidgetTouchComponent.h">
      <Filter>src\components</Filter>
    </ClInclude>
    <ClInclude Include="..\Classes\common\MyMacros.h">
      <Filter>src\common</Filter>
    </ClInclude>
    <ClInclude Include="..\Classes\components\ChildMapComponent.h">
      <Filter>src\components</Filter>
    </ClInclude>
    <ClInclude Include="..\Classes\common\Utilize.h">
      <Filter>src\common</Filter>
    </ClInclude>
    <ClInclude Include="..\Classes\data\PlayerData.h">
      <Filter>src\data</Filter>
    </ClInclude>
    <ClInclude Include="..\Classes\common\DataManager.h">
      <Filter>src\common</Filter>
    </ClInclude>
    <ClInclude Include="..\Classes\data\CardData.h">
      <Filter>src\data</Filter>
    </ClInclude>
    <ClInclude Include="..\Classes\components\SpriteAnimatorComponent.h">
      <Filter>src\components</Filter>
    </ClInclude>
    <ClInclude Include="..\Classes\include\rapidjson\allocators.h">
      <Filter>src\include\rapidjson</Filter>
    </ClInclude>
    <ClInclude Include="..\Classes\include\rapidjson\cursorstreamwrapper.h">
      <Filter>src\include\rapidjson</Filter>
    </ClInclude>
    <ClInclude Include="..\Classes\include\rapidjson\document.h">
      <Filter>src\include\rapidjson</Filter>
    </ClInclude>
    <ClInclude Include="..\Classes\include\rapidjson\encodedstream.h">
      <Filter>src\include\rapidjson</Filter>
    </ClInclude>
    <ClInclude Include="..\Classes\include\rapidjson\encodings.h">
      <Filter>src\include\rapidjson</Filter>
    </ClInclude>
    <ClInclude Include="..\Classes\include\rapidjson\filereadstream.h">
      <Filter>src\include\rapidjson</Filter>
    </ClInclude>
    <ClInclude Include="..\Classes\include\rapidjson\filewritestream.h">
      <Filter>src\include\rapidjson</Filter>
    </ClInclude>
    <ClInclude Include="..\Classes\include\rapidjson\fwd.h">
      <Filter>src\include\rapidjson</Filter>
    </ClInclude>
    <ClInclude Include="..\Classes\include\rapidjson\istreamwrapper.h">
      <Filter>src\include\rapidjson</Filter>
    </ClInclude>
    <ClInclude Include="..\Classes\include\rapidjson\memorybuffer.h">
      <Filter>src\include\rapidjson</Filter>
    </ClInclude>
    <ClInclude Include="..\Classes\include\rapidjson\memorystream.h">
      <Filter>src\include\rapidjson</Filter>
    </ClInclude>
    <ClInclude Include="..\Classes\include\rapidjson\ostreamwrapper.h">
      <Filter>src\include\rapidjson</Filter>
    </ClInclude>
    <ClInclude Include="..\Classes\include\rapidjson\pointer.h">
      <Filter>src\include\rapidjson</Filter>
    </ClInclude>
    <ClInclude Include="..\Classes\include\rapidjson\prettywriter.h">
      <Filter>src\include\rapidjson</Filter>
    </ClInclude>
    <ClInclude Include="..\Classes\include\rapidjson\rapidjson.h">
      <Filter>src\include\rapidjson</Filter>
    </ClInclude>
    <ClInclude Include="..\Classes\include\rapidjson\reader.h">
      <Filter>src\include\rapidjson</Filter>
    </ClInclude>
    <ClInclude Include="..\Classes\include\rapidjson\schema.h">
      <Filter>src\include\rapidjson</Filter>
    </ClInclude>
    <ClInclude Include="..\Classes\include\rapidjson\stream.h">
      <Filter>src\include\rapidjson</Filter>
    </ClInclude>
    <ClInclude Include="..\Classes\include\rapidjson\stringbuffer.h">
      <Filter>src\include\rapidjson</Filter>
    </ClInclude>
    <ClInclude Include="..\Classes\include\rapidjson\uri.h">
      <Filter>src\include\rapidjson</Filter>
    </ClInclude>
    <ClInclude Include="..\Classes\include\rapidjson\writer.h">
      <Filter>src\include\rapidjson</Filter>
    </ClInclude>
    <ClInclude Include="..\Classes\data\MoveData.h">
      <Filter>src\data</Filter>
    </ClInclude>
    <ClInclude Include="..\Classes\common\event\EventManager.h">
      <Filter>src\common\event</Filter>
    </ClInclude>
    <ClInclude Include="..\Classes\common\event\EventHandler.h">
      <Filter>src\common\event</Filter>
    </ClInclude>
    <ClInclude Include="..\Classes\common\event\EventHandlerVec.h">
      <Filter>src\common\event</Filter>
    </ClInclude>
    <ClInclude Include="..\Classes\common\event\MEvent.h">
      <Filter>src\common\event</Filter>
    </ClInclude>
    <ClInclude Include="..\Classes\define\GameConfig.h">
      <Filter>src\define</Filter>
    </ClInclude>
    <ClInclude Include="..\Classes\scenes\battle_scene_3\game\game_state\Deck.h">
      <Filter>src\scenes\battle_scene\game\game_state</Filter>
    </ClInclude>
    <ClInclude Include="..\Classes\scenes\battle_scene_3\game\game_state\GameState.h">
      <Filter>src\scenes\battle_scene\game\game_state</Filter>
    </ClInclude>
    <ClInclude Include="..\Classes\scenes\battle_scene_3\game\game_state\Hand.h">
      <Filter>src\scenes\battle_scene\game\game_state</Filter>
    </ClInclude>
    <ClInclude Include="..\Classes\scenes\battle_scene_3\game\game_state\card\Card.h">
      <Filter>src\scenes\battle_scene\game\game_state\card</Filter>
    </ClInclude>
    <ClInclude Include="..\Classes\scenes\battle_scene_3\game\game_state\Board.h">
      <Filter>src\scenes\battle_scene\game\game_state</Filter>
    </ClInclude>
    <ClInclude Include="..\Classes\scenes\battle_scene_3\game\game_state\Holder.h">
      <Filter>src\scenes\battle_scene\game\game_state</Filter>
    </ClInclude>
    <ClInclude Include="..\Classes\scenes\battle_scene_3\BSDefine.h">
      <Filter>src\scenes\battle_scene</Filter>
    </ClInclude>
    <ClInclude Include="..\Classes\scenes\battle_scene_3\game\BattleMaster.h">
      <Filter>src\scenes\battle_scene\game</Filter>
    </ClInclude>
    <ClInclude Include="..\Classes\scenes\battle_scene_3\game\GameDefine.h">
      <Filter>src\scenes\battle_scene\game</Filter>
    </ClInclude>
    <ClInclude Include="..\Classes\scenes\battle_scene_3\BattleScene.h">
      <Filter>src\scenes\battle_scene</Filter>
    </ClInclude>
    <ClInclude Include="..\Classes\scenes\battle_scene_3\BSHand.h">
      <Filter>src\scenes\battle_scene</Filter>
    </ClInclude>
    <ClInclude Include="..\Classes\scenes\battle_scene_3\scene_actions\BSAction.h">
      <Filter>src\scenes\battle_scene\scene_actions</Filter>
    </ClInclude>
    <ClInclude Include="..\Classes\base_classes\EventsHandler\IEventsHandler.h">
      <Filter>src\base_classes\events_handler</Filter>
    </ClInclude>
    <ClInclude Include="..\Classes\scenes\battle_scene_3\BSCard.h">
      <Filter>src\scenes\battle_scene</Filter>
    </ClInclude>
    <ClInclude Include="..\Classes\scenes\battle_scene_3\scene_actions\BSActor.h">
      <Filter>src\scenes\battle_scene\scene_actions</Filter>
    </ClInclude>
    <ClInclude Include="..\Classes\scenes\battle_scene_3\game\game_actions\GameAction.h">
      <Filter>src\scenes\battle_scene\game\game_actions</Filter>
    </ClInclude>
    <ClInclude Include="..\Classes\scenes\battle_scene_3\game\game_state\Player.h">
      <Filter>src\scenes\battle_scene\game\game_state</Filter>
    </ClInclude>
    <ClInclude Include="..\Classes\scenes\battle_scene_3\define\ErrorDefine.h">
      <Filter>src\scenes\battle_scene\define</Filter>
    </ClInclude>
    <ClInclude Include="..\Classes\scenes\battle_scene_3\game\player_actions\PlayerAction.h">
      <Filter>src\scenes\battle_scene\game\player_actions</Filter>
    </ClInclude>
    <ClInclude Include="..\Classes\scenes\battle_scene_3\BSDeck.h">
      <Filter>src\scenes\battle_scene</Filter>
    </ClInclude>
    <ClInclude Include="..\Classes\scenes\battle_scene_3\BSResources.h">
      <Filter>src\scenes\battle_scene</Filter>
    </ClInclude>
    <ClInclude Include="..\Classes\scenes\battle_scene_3\game\game_state\DiscardPile.h">
      <Filter>src\scenes\battle_scene\game\game_state</Filter>
    </ClInclude>
    <ClInclude Include="..\Classes\scenes\battle_scene_3\game\game_state\PrizePile.h">
      <Filter>src\scenes\battle_scene\game\game_state</Filter>
    </ClInclude>
    <ClInclude Include="..\Classes\scenes\battle_scene_3\BSNotifier.h">
      <Filter>src\scenes\battle_scene</Filter>
    </ClInclude>
  </ItemGroup>
  <ItemGroup>
    <ResourceCompile Include="game.rc">
      <Filter>resource</Filter>
    </ResourceCompile>
  </ItemGroup>
  <ItemGroup>
    <None Include="cpp.hint" />
  </ItemGroup>
</Project>