<?xml version="1.0" encoding="utf-8"?>
<Project ToolsVersion="4.0" xmlns="http://schemas.microsoft.com/developer/msbuild/2003">
  <ItemGroup>
    <Filter Include="win32">
      <UniqueIdentifier>{84a8ebd7-7cf0-47f6-b75e-d441df67da40}</UniqueIdentifier>
    </Filter>
    <Filter Include="resource">
      <UniqueIdentifier>{715254bc-d70b-4ec5-bf29-467dd3ace079}</UniqueIdentifier>
    </Filter>
    <Filter Include="src">
      <UniqueIdentifier>{bb6c862e-70e9-49d9-81b7-3829a6f50471}</UniqueIdentifier>
    </Filter>
    <Filter Include="src\scenes">
      <UniqueIdentifier>{dfb1943f-62ad-49bb-907a-410e0fab8b7b}</UniqueIdentifier>
    </Filter>
    <Filter Include="src\scenes\loading_scene">
      <UniqueIdentifier>{437c64f8-c209-4de9-8433-bf8e06c755dd}</UniqueIdentifier>
    </Filter>
    <Filter Include="src\include">
      <UniqueIdentifier>{f613aa32-2fa5-4a51-bf20-288f67d84678}</UniqueIdentifier>
    </Filter>
    <Filter Include="src\include\error">
      <UniqueIdentifier>{b63519b3-e151-4c99-adde-5849d9b823c3}</UniqueIdentifier>
    </Filter>
    <Filter Include="src\include\internal">
      <UniqueIdentifier>{5bf66510-7f2a-44cd-8877-58eb2010d1d4}</UniqueIdentifier>
    </Filter>
    <Filter Include="src\include\msinttypes">
      <UniqueIdentifier>{36a66609-59ce-4d70-b789-4b14262614f6}</UniqueIdentifier>
    </Filter>
    <Filter Include="src\common">
      <UniqueIdentifier>{c9e5c9ec-124f-4d96-87d0-1ac2328f52b4}</UniqueIdentifier>
    </Filter>
    <Filter Include="src\define">
      <UniqueIdentifier>{b9737b0b-2764-48fc-981a-90d49a17cb1b}</UniqueIdentifier>
    </Filter>
    <Filter Include="src\scenes\title_scene">
      <UniqueIdentifier>{1d60db59-22b6-4798-8ad6-6fee082159e6}</UniqueIdentifier>
    </Filter>
    <Filter Include="src\components">
      <UniqueIdentifier>{6e7c3a45-a6f6-4b1d-a506-3c3f27791012}</UniqueIdentifier>
    </Filter>
  </ItemGroup>
  <ItemGroup>
    <ClCompile Include="main.cpp">
      <Filter>win32</Filter>
    </ClCompile>
    <ClCompile Include="..\Classes\AppDelegate.cpp">
      <Filter>src</Filter>
    </ClCompile>
    <ClCompile Include="..\Classes\HelloWorldScene.cpp">
      <Filter>src</Filter>
    </ClCompile>
    <ClCompile Include="..\Classes\GameManager.cpp">
      <Filter>src</Filter>
    </ClCompile>
    <ClCompile Include="..\Classes\scenes\loading_scene\LoadingScene.cpp">
      <Filter>src\scenes\loading_scene</Filter>
    </ClCompile>
    <ClCompile Include="..\Classes\common\ResourceLoader.cpp">
      <Filter>src\common</Filter>
    </ClCompile>
    <ClCompile Include="..\Classes\common\Utilize.cpp">
      <Filter>src\common</Filter>
    </ClCompile>
    <ClCompile Include="..\Classes\scenes\title_scene\TitleScene.cpp">
      <Filter>src\scenes\title_scene</Filter>
    </ClCompile>
    <ClCompile Include="..\Classes\common\ResourcePool.cpp">
      <Filter>src\common</Filter>
    </ClCompile>
    <ClCompile Include="..\Classes\components\ComponentDictionary.cpp">
      <Filter>src\components</Filter>
    </ClCompile>
    <ClCompile Include="..\Classes\components\GamePoolComponent.cpp">
      <Filter>src\components</Filter>
    </ClCompile>
    <ClCompile Include="..\Classes\components\MyComponent.cpp">
      <Filter>src\components</Filter>
    </ClCompile>
  </ItemGroup>
  <ItemGroup>
    <ClInclude Include="main.h">
      <Filter>win32</Filter>
    </ClInclude>
    <ClInclude Include="..\Classes\AppDelegate.h">
      <Filter>src</Filter>
    </ClInclude>
    <ClInclude Include="..\Classes\HelloWorldScene.h">
      <Filter>src</Filter>
    </ClInclude>
    <ClInclude Include="..\Classes\GameManager.h">
      <Filter>src</Filter>
    </ClInclude>
    <ClInclude Include="..\Classes\scenes\loading_scene\LoadingScene.h">
      <Filter>src\scenes\loading_scene</Filter>
    </ClInclude>
    <ClInclude Include="..\Classes\include\rapidjson\allocators.h">
      <Filter>src\include</Filter>
    </ClInclude>
    <ClInclude Include="..\Classes\include\rapidjson\cursorstreamwrapper.h">
      <Filter>src\include</Filter>
    </ClInclude>
    <ClInclude Include="..\Classes\include\rapidjson\document.h">
      <Filter>src\include</Filter>
    </ClInclude>
    <ClInclude Include="..\Classes\include\rapidjson\encodedstream.h">
      <Filter>src\include</Filter>
    </ClInclude>
    <ClInclude Include="..\Classes\include\rapidjson\encodings.h">
      <Filter>src\include</Filter>
    </ClInclude>
    <ClInclude Include="..\Classes\include\rapidjson\filereadstream.h">
      <Filter>src\include</Filter>
    </ClInclude>
    <ClInclude Include="..\Classes\include\rapidjson\filewritestream.h">
      <Filter>src\include</Filter>
    </ClInclude>
    <ClInclude Include="..\Classes\include\rapidjson\fwd.h">
      <Filter>src\include</Filter>
    </ClInclude>
    <ClInclude Include="..\Classes\include\rapidjson\istreamwrapper.h">
      <Filter>src\include</Filter>
    </ClInclude>
    <ClInclude Include="..\Classes\include\rapidjson\memorybuffer.h">
      <Filter>src\include</Filter>
    </ClInclude>
    <ClInclude Include="..\Classes\include\rapidjson\memorystream.h">
      <Filter>src\include</Filter>
    </ClInclude>
    <ClInclude Include="..\Classes\include\rapidjson\ostreamwrapper.h">
      <Filter>src\include</Filter>
    </ClInclude>
    <ClInclude Include="..\Classes\include\rapidjson\pointer.h">
      <Filter>src\include</Filter>
    </ClInclude>
    <ClInclude Include="..\Classes\include\rapidjson\prettywriter.h">
      <Filter>src\include</Filter>
    </ClInclude>
    <ClInclude Include="..\Classes\include\rapidjson\rapidjson.h">
      <Filter>src\include</Filter>
    </ClInclude>
    <ClInclude Include="..\Classes\include\rapidjson\reader.h">
      <Filter>src\include</Filter>
    </ClInclude>
    <ClInclude Include="..\Classes\include\rapidjson\schema.h">
      <Filter>src\include</Filter>
    </ClInclude>
    <ClInclude Include="..\Classes\include\rapidjson\stream.h">
      <Filter>src\include</Filter>
    </ClInclude>
    <ClInclude Include="..\Classes\include\rapidjson\stringbuffer.h">
      <Filter>src\include</Filter>
    </ClInclude>
    <ClInclude Include="..\Classes\include\rapidjson\uri.h">
      <Filter>src\include</Filter>
    </ClInclude>
    <ClInclude Include="..\Classes\include\rapidjson\writer.h">
      <Filter>src\include</Filter>
    </ClInclude>
    <ClInclude Include="..\Classes\include\rapidjson\error\en.h">
      <Filter>src\include\error</Filter>
    </ClInclude>
    <ClInclude Include="..\Classes\include\rapidjson\error\error.h">
      <Filter>src\include\error</Filter>
    </ClInclude>
    <ClInclude Include="..\Classes\include\rapidjson\internal\biginteger.h">
      <Filter>src\include\internal</Filter>
    </ClInclude>
    <ClInclude Include="..\Classes\include\rapidjson\internal\clzll.h">
      <Filter>src\include\internal</Filter>
    </ClInclude>
    <ClInclude Include="..\Classes\include\rapidjson\internal\diyfp.h">
      <Filter>src\include\internal</Filter>
    </ClInclude>
    <ClInclude Include="..\Classes\include\rapidjson\internal\dtoa.h">
      <Filter>src\include\internal</Filter>
    </ClInclude>
    <ClInclude Include="..\Classes\include\rapidjson\internal\ieee754.h">
      <Filter>src\include\internal</Filter>
    </ClInclude>
    <ClInclude Include="..\Classes\include\rapidjson\internal\itoa.h">
      <Filter>src\include\internal</Filter>
    </ClInclude>
    <ClInclude Include="..\Classes\include\rapidjson\internal\meta.h">
      <Filter>src\include\internal</Filter>
    </ClInclude>
    <ClInclude Include="..\Classes\include\rapidjson\internal\pow10.h">
      <Filter>src\include\internal</Filter>
    </ClInclude>
    <ClInclude Include="..\Classes\include\rapidjson\internal\regex.h">
      <Filter>src\include\internal</Filter>
    </ClInclude>
    <ClInclude Include="..\Classes\include\rapidjson\internal\stack.h">
      <Filter>src\include\internal</Filter>
    </ClInclude>
    <ClInclude Include="..\Classes\include\rapidjson\internal\strfunc.h">
      <Filter>src\include\internal</Filter>
    </ClInclude>
    <ClInclude Include="..\Classes\include\rapidjson\internal\strtod.h">
      <Filter>src\include\internal</Filter>
    </ClInclude>
    <ClInclude Include="..\Classes\include\rapidjson\internal\swap.h">
      <Filter>src\include\internal</Filter>
    </ClInclude>
    <ClInclude Include="..\Classes\include\rapidjson\msinttypes\inttypes.h">
      <Filter>src\include\msinttypes</Filter>
    </ClInclude>
    <ClInclude Include="..\Classes\include\rapidjson\msinttypes\stdint.h">
      <Filter>src\include\msinttypes</Filter>
    </ClInclude>
    <ClInclude Include="..\Classes\common\ResourceLoader.h">
      <Filter>src\common</Filter>
    </ClInclude>
    <ClInclude Include="..\Classes\define\CommonDefine.h">
      <Filter>src\define</Filter>
    </ClInclude>
    <ClInclude Include="..\Classes\common\Utilize.h">
      <Filter>src\common</Filter>
    </ClInclude>
    <ClInclude Include="..\Classes\common\Utilize.hpp">
      <Filter>src\common</Filter>
    </ClInclude>
    <ClInclude Include="..\Classes\scenes\title_scene\TitleScene.h">
      <Filter>src\scenes\title_scene</Filter>
    </ClInclude>
    <ClInclude Include="..\Classes\common\ResourcePool.h">
      <Filter>src\common</Filter>
    </ClInclude>
    <ClInclude Include="..\Classes\components\ComponentDictionary.h">
      <Filter>src\components</Filter>
    </ClInclude>
    <ClInclude Include="..\Classes\components\GamePoolComponent.h">
      <Filter>src\components</Filter>
    </ClInclude>
    <ClInclude Include="..\Classes\components\MyComponent.h">
      <Filter>src\components</Filter>
    </ClInclude>
  </ItemGroup>
  <ItemGroup>
    <ResourceCompile Include="game.rc">
      <Filter>resource</Filter>
    </ResourceCompile>
  </ItemGroup>
  <ItemGroup>
    <None Include="cpp.hint" />
  </ItemGroup>
</Project>